
Microsoft Visual Studio Solution File, Format Version 12.00
# Visual Studio Version 17
VisualStudioVersion = 17.14.36414.22 d17.14
MinimumVisualStudioVersion = 10.0.40219.1
Project("{FAE04EC0-301F-11D3-BF4B-00C04F79EFBC}") = "praktik_6.8", "praktik_6.8\praktik_6.8.csproj", "{3EE52140-A6F1-41B9-BDEF-3C6578C4F009}"
EndProject
Global
	GlobalSection(SolutionConfigurationPlatforms) = preSolution
		Debug|Any CPU = Debug|Any CPU
		Release|Any CPU = Release|Any CPU
	EndGlobalSection
	GlobalSection(ProjectConfigurationPlatforms) = postSolution
		{3EE52140-A6F1-41B9-BDEF-3C6578C4F009}.Debug|Any CPU.ActiveCfg = Debug|Any CPU
		{3EE52140-A6F1-41B9-BDEF-3C6578C4F009}.Debug|Any CPU.Build.0 = Debug|Any CPU
		{3EE52140-A6F1-41B9-BDEF-3C6578C4F009}.Release|Any CPU.ActiveCfg = Release|Any CPU
		{3EE52140-A6F1-41B9-BDEF-3C6578C4F009}.Release|Any CPU.Build.0 = Release|Any CPU
	EndGlobalSection
	GlobalSection(SolutionProperties) = preSolution
		HideSolutionNode = FALSE
	EndGlobalSection
	GlobalSection(ExtensibilityGlobals) = postSolution
		SolutionGuid = {A01FCF52-E8B7-4E12-B659-46E7AFCE77B9}
	EndGlobalSection
EndGlobal
